
Microsoft Visual Studio Solution File, Format Version 12.00
# Visual Studio Version 17
VisualStudioVersion = 17.9.34728.123
MinimumVisualStudioVersion = 10.0.40219.1
Project("{FAE04EC0-301F-11D3-BF4B-00C04F79EFBC}") = "FindMyHome.API", "FindMyHome.API.csproj", "{DFFBDF63-2ECC-4FE6-9EB4-B32F3481165A}"
EndProject
Project("{FAE04EC0-301F-11D3-BF4B-00C04F79EFBC}") = "FindMyHome.BusinessLogic", "..\FindMyHome.BusinessLogic\FindMyHome.BusinessLogic.csproj", "{E819F844-8D92-4AEC-80FE-8072DD5E578B}"
EndProject
Project("{FAE04EC0-301F-11D3-BF4B-00C04F79EFBC}") = "FindMyHome.Common", "..\FindMyHome.Common\FindMyHome.Common.csproj", "{E739F465-9C52-4834-B620-7B6B1FC051EF}"
EndProject
Project("{FAE04EC0-301F-11D3-BF4B-00C04F79EFBC}") = "FindMyHome.DataAccess", "..\FindMyHome.DataAccess\FindMyHome.DataAccess.csproj", "{2C15745C-B3BD-451B-9224-887FFF345B74}"
EndProject
Project("{FAE04EC0-301F-11D3-BF4B-00C04F79EFBC}") = "FindMyHome.Domain", "..\FindMyHome.Domain\FindMyHome.Domain.csproj", "{AF7EFD3B-C06E-4436-883B-1DA277626EDC}"
EndProject
Global
	GlobalSection(SolutionConfigurationPlatforms) = preSolution
		Debug|Any CPU = Debug|Any CPU
		Release|Any CPU = Release|Any CPU
	EndGlobalSection
	GlobalSection(ProjectConfigurationPlatforms) = postSolution
		{DFFBDF63-2ECC-4FE6-9EB4-B32F3481165A}.Debug|Any CPU.ActiveCfg = Debug|Any CPU
		{DFFBDF63-2ECC-4FE6-9EB4-B32F3481165A}.Debug|Any CPU.Build.0 = Debug|Any CPU
		{DFFBDF63-2ECC-4FE6-9EB4-B32F3481165A}.Release|Any CPU.ActiveCfg = Release|Any CPU
		{DFFBDF63-2ECC-4FE6-9EB4-B32F3481165A}.Release|Any CPU.Build.0 = Release|Any CPU
		{E819F844-8D92-4AEC-80FE-8072DD5E578B}.Debug|Any CPU.ActiveCfg = Debug|Any CPU
		{E819F844-8D92-4AEC-80FE-8072DD5E578B}.Debug|Any CPU.Build.0 = Debug|Any CPU
		{E819F844-8D92-4AEC-80FE-8072DD5E578B}.Release|Any CPU.ActiveCfg = Release|Any CPU
		{E819F844-8D92-4AEC-80FE-8072DD5E578B}.Release|Any CPU.Build.0 = Release|Any CPU
		{E739F465-9C52-4834-B620-7B6B1FC051EF}.Debug|Any CPU.ActiveCfg = Debug|Any CPU
		{E739F465-9C52-4834-B620-7B6B1FC051EF}.Debug|Any CPU.Build.0 = Debug|Any CPU
		{E739F465-9C52-4834-B620-7B6B1FC051EF}.Release|Any CPU.ActiveCfg = Release|Any CPU
		{E739F465-9C52-4834-B620-7B6B1FC051EF}.Release|Any CPU.Build.0 = Release|Any CPU
		{2C15745C-B3BD-451B-9224-887FFF345B74}.Debug|Any CPU.ActiveCfg = Debug|Any CPU
		{2C15745C-B3BD-451B-9224-887FFF345B74}.Debug|Any CPU.Build.0 = Debug|Any CPU
		{2C15745C-B3BD-451B-9224-887FFF345B74}.Release|Any CPU.ActiveCfg = Release|Any CPU
		{2C15745C-B3BD-451B-9224-887FFF345B74}.Release|Any CPU.Build.0 = Release|Any CPU
		{AF7EFD3B-C06E-4436-883B-1DA277626EDC}.Debug|Any CPU.ActiveCfg = Debug|Any CPU
		{AF7EFD3B-C06E-4436-883B-1DA277626EDC}.Debug|Any CPU.Build.0 = Debug|Any CPU
		{AF7EFD3B-C06E-4436-883B-1DA277626EDC}.Release|Any CPU.ActiveCfg = Release|Any CPU
		{AF7EFD3B-C06E-4436-883B-1DA277626EDC}.Release|Any CPU.Build.0 = Release|Any CPU
	EndGlobalSection
	GlobalSection(SolutionProperties) = preSolution
		HideSolutionNode = FALSE
	EndGlobalSection
	GlobalSection(ExtensibilityGlobals) = postSolution
		SolutionGuid = {41C28983-C221-435C-8A26-7064D21FA535}
	EndGlobalSection
EndGlobal
